
Microsoft Visual Studio Solution File, Format Version 12.00
# Visual Studio Version 17
VisualStudioVersion = 17.5.33627.172
MinimumVisualStudioVersion = 10.0.40219.1
Project("{FAE04EC0-301F-11D3-BF4B-00C04F79EFBC}") = "Delegate", "Delegate\Delegate.csproj", "{D9E9FF99-AE1F-424C-A94C-302CE8BAEDB4}"
EndProject
Global
	GlobalSection(SolutionConfigurationPlatforms) = preSolution
		Debug|Any CPU = Debug|Any CPU
		Release|Any CPU = Release|Any CPU
	EndGlobalSection
	GlobalSection(ProjectConfigurationPlatforms) = postSolution
		{D9E9FF99-AE1F-424C-A94C-302CE8BAEDB4}.Debug|Any CPU.ActiveCfg = Debug|Any CPU
		{D9E9FF99-AE1F-424C-A94C-302CE8BAEDB4}.Debug|Any CPU.Build.0 = Debug|Any CPU
		{D9E9FF99-AE1F-424C-A94C-302CE8BAEDB4}.Release|Any CPU.ActiveCfg = Release|Any CPU
		{D9E9FF99-AE1F-424C-A94C-302CE8BAEDB4}.Release|Any CPU.Build.0 = Release|Any CPU
	EndGlobalSection
	GlobalSection(SolutionProperties) = preSolution
		HideSolutionNode = FALSE
	EndGlobalSection
	GlobalSection(ExtensibilityGlobals) = postSolution
		SolutionGuid = {38530876-C902-40D5-B04B-4C3D694811FE}
	EndGlobalSection
EndGlobal
